
Microsoft Visual Studio Solution File, Format Version 12.00
# Visual Studio 2012
Project("{FAE04EC0-301F-11D3-BF4B-00C04F79EFBC}") = "XiOSActPas2", "XiOSActPas2\XiOSActPas2.csproj", "{8BB3147A-302B-4342-A9FE-9051292C3BE0}"
EndProject
Global
	GlobalSection(SolutionConfigurationPlatforms) = preSolution
		Debug|iPhoneSimulator = Debug|iPhoneSimulator
		Release|iPhone = Release|iPhone
		Release|iPhoneSimulator = Release|iPhoneSimulator
		Debug|iPhone = Debug|iPhone
	EndGlobalSection
	GlobalSection(ProjectConfigurationPlatforms) = postSolution
		{8BB3147A-302B-4342-A9FE-9051292C3BE0}.Debug|iPhoneSimulator.ActiveCfg = Debug|iPhoneSimulator
		{8BB3147A-302B-4342-A9FE-9051292C3BE0}.Debug|iPhoneSimulator.Build.0 = Debug|iPhoneSimulator
		{8BB3147A-302B-4342-A9FE-9051292C3BE0}.Release|iPhone.ActiveCfg = Release|iPhone
		{8BB3147A-302B-4342-A9FE-9051292C3BE0}.Release|iPhone.Build.0 = Release|iPhone
		{8BB3147A-302B-4342-A9FE-9051292C3BE0}.Release|iPhoneSimulator.ActiveCfg = Release|iPhoneSimulator
		{8BB3147A-302B-4342-A9FE-9051292C3BE0}.Release|iPhoneSimulator.Build.0 = Release|iPhoneSimulator
		{8BB3147A-302B-4342-A9FE-9051292C3BE0}.Debug|iPhone.ActiveCfg = Debug|iPhone
		{8BB3147A-302B-4342-A9FE-9051292C3BE0}.Debug|iPhone.Build.0 = Debug|iPhone
	EndGlobalSection
EndGlobal
